<Solution>
  <Folder Name="/Tests/">
    <Project Path="CarToGoTests/CarToGoTests.csproj" Id="af6cbf1d-233b-46b7-9ba8-89b6c6b9197a" />
  </Folder>
  <Project Path="CarToGo/CarToGo.csproj" />
  <Project Path="CarToGoDocumentation/CarToGoDocumentation.shfbproj" Type="7cf6df6d-3b04-46f8-a40b-537d21bca0b4" Id="a22678f8-1c48-4eaa-9255-e404ae4cfe73" />
  <Project Path="Data/Data.csproj" Id="6a5a10cc-a6e3-49a5-b47c-1939619943aa" />
</Solution>
